
Microsoft Visual Studio Solution File, Format Version 12.00
# Visual Studio 2015
Project("{FAE04EC0-301F-11D3-BF4B-00C04F79EFBC}") = "BoxBoxZombie", "BoxBoxZombie.csproj", "{466866A1-9A66-F3B4-65C2-8ABC2DFAFE6A}"
EndProject
Project("{FAE04EC0-301F-11D3-BF4B-00C04F79EFBC}") = "BoxBoxZombie.Editor", "BoxBoxZombie.Editor.csproj", "{C844427E-9D14-6D68-88DB-DCDA64790CD6}"
EndProject
Global
	GlobalSection(SolutionConfigurationPlatforms) = preSolution
		Debug|Any CPU = Debug|Any CPU
		Release|Any CPU = Release|Any CPU
	EndGlobalSection
	GlobalSection(ProjectConfigurationPlatforms) = postSolution
		{466866A1-9A66-F3B4-65C2-8ABC2DFAFE6A}.Debug|Any CPU.ActiveCfg = Debug|Any CPU
		{466866A1-9A66-F3B4-65C2-8ABC2DFAFE6A}.Debug|Any CPU.Build.0 = Debug|Any CPU
		{466866A1-9A66-F3B4-65C2-8ABC2DFAFE6A}.Release|Any CPU.ActiveCfg = Release|Any CPU
		{466866A1-9A66-F3B4-65C2-8ABC2DFAFE6A}.Release|Any CPU.Build.0 = Release|Any CPU
		{C844427E-9D14-6D68-88DB-DCDA64790CD6}.Debug|Any CPU.ActiveCfg = Debug|Any CPU
		{C844427E-9D14-6D68-88DB-DCDA64790CD6}.Debug|Any CPU.Build.0 = Debug|Any CPU
		{C844427E-9D14-6D68-88DB-DCDA64790CD6}.Release|Any CPU.ActiveCfg = Release|Any CPU
		{C844427E-9D14-6D68-88DB-DCDA64790CD6}.Release|Any CPU.Build.0 = Release|Any CPU
	EndGlobalSection
	GlobalSection(SolutionProperties) = preSolution
		HideSolutionNode = FALSE
	EndGlobalSection
EndGlobal
